
Microsoft Visual Studio Solution File, Format Version 12.00
# Visual Studio Version 17
VisualStudioVersion = 17.6.33801.468
MinimumVisualStudioVersion = 10.0.40219.1
Project("{FAE04EC0-301F-11D3-BF4B-00C04F79EFBC}") = "efproject", "efproject\efproject.csproj", "{627BB512-8C71-469C-B7D2-FFC01E9028D1}"
EndProject
Global
	GlobalSection(SolutionConfigurationPlatforms) = preSolution
		Debug|Any CPU = Debug|Any CPU
		Release|Any CPU = Release|Any CPU
	EndGlobalSection
	GlobalSection(ProjectConfigurationPlatforms) = postSolution
		{627BB512-8C71-469C-B7D2-FFC01E9028D1}.Debug|Any CPU.ActiveCfg = Debug|Any CPU
		{627BB512-8C71-469C-B7D2-FFC01E9028D1}.Debug|Any CPU.Build.0 = Debug|Any CPU
		{627BB512-8C71-469C-B7D2-FFC01E9028D1}.Release|Any CPU.ActiveCfg = Release|Any CPU
		{627BB512-8C71-469C-B7D2-FFC01E9028D1}.Release|Any CPU.Build.0 = Release|Any CPU
	EndGlobalSection
	GlobalSection(SolutionProperties) = preSolution
		HideSolutionNode = FALSE
	EndGlobalSection
	GlobalSection(ExtensibilityGlobals) = postSolution
		SolutionGuid = {8DDB37D4-A41D-4E20-AFFB-65A907FB98B6}
	EndGlobalSection
EndGlobal
